
Microsoft Visual Studio Solution File, Format Version 12.00
# Visual Studio 15
VisualStudioVersion = 15.0.28307.757
MinimumVisualStudioVersion = 10.0.40219.1
Project("{9A19103F-16F7-4668-BE54-9A1E7A4F7556}") = "FunctionOverloadDemo", "FunctionOverloadDemo\FunctionOverloadDemo.csproj", "{5D132F89-1AF7-432D-8389-ED0540A30C2D}"
EndProject
Global
	GlobalSection(SolutionConfigurationPlatforms) = preSolution
		Debug|Any CPU = Debug|Any CPU
		Release|Any CPU = Release|Any CPU
	EndGlobalSection
	GlobalSection(ProjectConfigurationPlatforms) = postSolution
		{5D132F89-1AF7-432D-8389-ED0540A30C2D}.Debug|Any CPU.ActiveCfg = Debug|Any CPU
		{5D132F89-1AF7-432D-8389-ED0540A30C2D}.Debug|Any CPU.Build.0 = Debug|Any CPU
		{5D132F89-1AF7-432D-8389-ED0540A30C2D}.Release|Any CPU.ActiveCfg = Release|Any CPU
		{5D132F89-1AF7-432D-8389-ED0540A30C2D}.Release|Any CPU.Build.0 = Release|Any CPU
	EndGlobalSection
	GlobalSection(SolutionProperties) = preSolution
		HideSolutionNode = FALSE
	EndGlobalSection
	GlobalSection(ExtensibilityGlobals) = postSolution
		SolutionGuid = {A0F5FBF1-E3D6-4107-A0A0-A5BFC850EB70}
	EndGlobalSection
EndGlobal
